
Microsoft Visual Studio Solution File, Format Version 12.00
# Visual Studio Version 17
VisualStudioVersion = 17.6.33801.468
MinimumVisualStudioVersion = 10.0.40219.1
Project("{9A19103F-16F7-4668-BE54-9A1E7A4F7556}") = "WebApplicationA", "WebApplicationA\WebApplicationA.csproj", "{94977A8A-FE03-452F-BC73-63ADA54717BA}"
EndProject
Project("{9A19103F-16F7-4668-BE54-9A1E7A4F7556}") = "WebApplicationB", "WebApplicationB\WebApplicationB.csproj", "{A886199E-ED8F-48E1-9C08-8AD7B7267613}"
EndProject
Project("{E53339B2-1760-4266-BCC7-CA923CBCF16C}") = "docker-compose", "docker-compose.dcproj", "{E75060DF-B2D6-47E6-8D16-50B486F1201E}"
EndProject
Global
	GlobalSection(SolutionConfigurationPlatforms) = preSolution
		Debug|Any CPU = Debug|Any CPU
		Release|Any CPU = Release|Any CPU
	EndGlobalSection
	GlobalSection(ProjectConfigurationPlatforms) = postSolution
		{94977A8A-FE03-452F-BC73-63ADA54717BA}.Debug|Any CPU.ActiveCfg = Debug|Any CPU
		{94977A8A-FE03-452F-BC73-63ADA54717BA}.Debug|Any CPU.Build.0 = Debug|Any CPU
		{94977A8A-FE03-452F-BC73-63ADA54717BA}.Release|Any CPU.ActiveCfg = Release|Any CPU
		{94977A8A-FE03-452F-BC73-63ADA54717BA}.Release|Any CPU.Build.0 = Release|Any CPU
		{A886199E-ED8F-48E1-9C08-8AD7B7267613}.Debug|Any CPU.ActiveCfg = Debug|Any CPU
		{A886199E-ED8F-48E1-9C08-8AD7B7267613}.Debug|Any CPU.Build.0 = Debug|Any CPU
		{A886199E-ED8F-48E1-9C08-8AD7B7267613}.Release|Any CPU.ActiveCfg = Release|Any CPU
		{A886199E-ED8F-48E1-9C08-8AD7B7267613}.Release|Any CPU.Build.0 = Release|Any CPU
		{E75060DF-B2D6-47E6-8D16-50B486F1201E}.Debug|Any CPU.ActiveCfg = Debug|Any CPU
		{E75060DF-B2D6-47E6-8D16-50B486F1201E}.Debug|Any CPU.Build.0 = Debug|Any CPU
		{E75060DF-B2D6-47E6-8D16-50B486F1201E}.Release|Any CPU.ActiveCfg = Release|Any CPU
		{E75060DF-B2D6-47E6-8D16-50B486F1201E}.Release|Any CPU.Build.0 = Release|Any CPU
	EndGlobalSection
	GlobalSection(SolutionProperties) = preSolution
		HideSolutionNode = FALSE
	EndGlobalSection
	GlobalSection(ExtensibilityGlobals) = postSolution
		SolutionGuid = {649DFF17-9782-4FAA-A844-C967CA60F47D}
	EndGlobalSection
EndGlobal
